
Microsoft Visual Studio Solution File, Format Version 12.00
# Visual Studio Version 17
VisualStudioVersion = 17.0.31903.59
MinimumVisualStudioVersion = 10.0.40219.1
Project("{FAE04EC0-301F-11D3-BF4B-00C04F79EFBC}") = "PractiseTest.Tests", "PractiseTest.Tests\PractiseTest.Tests.csproj", "{601DAB8F-1713-4179-BE20-92F94F4528B3}"
EndProject
Project("{FAE04EC0-301F-11D3-BF4B-00C04F79EFBC}") = "PractiseTests", "src\PractiseTests\PractiseTests.csproj", "{54DD9624-9CA4-4738-9F83-CFC36AFB452B}"
EndProject
Global
	GlobalSection(SolutionConfigurationPlatforms) = preSolution
		Debug|Any CPU = Debug|Any CPU
		Release|Any CPU = Release|Any CPU
	EndGlobalSection
	GlobalSection(SolutionProperties) = preSolution
		HideSolutionNode = FALSE
	EndGlobalSection
	GlobalSection(ProjectConfigurationPlatforms) = postSolution
		{601DAB8F-1713-4179-BE20-92F94F4528B3}.Debug|Any CPU.ActiveCfg = Debug|Any CPU
		{601DAB8F-1713-4179-BE20-92F94F4528B3}.Debug|Any CPU.Build.0 = Debug|Any CPU
		{601DAB8F-1713-4179-BE20-92F94F4528B3}.Release|Any CPU.ActiveCfg = Release|Any CPU
		{601DAB8F-1713-4179-BE20-92F94F4528B3}.Release|Any CPU.Build.0 = Release|Any CPU
		{54DD9624-9CA4-4738-9F83-CFC36AFB452B}.Debug|Any CPU.ActiveCfg = Debug|Any CPU
		{54DD9624-9CA4-4738-9F83-CFC36AFB452B}.Debug|Any CPU.Build.0 = Debug|Any CPU
		{54DD9624-9CA4-4738-9F83-CFC36AFB452B}.Release|Any CPU.ActiveCfg = Release|Any CPU
		{54DD9624-9CA4-4738-9F83-CFC36AFB452B}.Release|Any CPU.Build.0 = Release|Any CPU
	EndGlobalSection
EndGlobal
